
Microsoft Visual Studio Solution File, Format Version 12.00
# Visual Studio Version 17
VisualStudioVersion = 17.9.34728.123
MinimumVisualStudioVersion = 10.0.40219.1
Project("{8BC9CEB8-8B4A-11D0-8D11-00A0C91BC942}") = "Project-MFC", "Project-MFC\Project-MFC.vcxproj", "{DA1DC26F-D0F4-4EF2-98B3-6F5D41861475}"
	ProjectSection(ProjectDependencies) = postProject
		{4E44969C-DC02-428C-96E6-AC13C0E210B2} = {4E44969C-DC02-428C-96E6-AC13C0E210B2}
		{772540F3-B9ED-4A25-B0BF-D7F70C441273} = {772540F3-B9ED-4A25-B0BF-D7F70C441273}
	EndProjectSection
EndProject
Project("{8BC9CEB8-8B4A-11D0-8D11-00A0C91BC942}") = "MyData", "MyData\MyData.vcxproj", "{4E44969C-DC02-428C-96E6-AC13C0E210B2}"
	ProjectSection(ProjectDependencies) = postProject
		{772540F3-B9ED-4A25-B0BF-D7F70C441273} = {772540F3-B9ED-4A25-B0BF-D7F70C441273}
	EndProjectSection
EndProject
Project("{8BC9CEB8-8B4A-11D0-8D11-00A0C91BC942}") = "Except1", "Except1\Except1.vcxproj", "{772540F3-B9ED-4A25-B0BF-D7F70C441273}"
EndProject
Global
	GlobalSection(SolutionConfigurationPlatforms) = preSolution
		Debug|x64 = Debug|x64
		Debug|x86 = Debug|x86
		Release|x64 = Release|x64
		Release|x86 = Release|x86
	EndGlobalSection
	GlobalSection(ProjectConfigurationPlatforms) = postSolution
		{DA1DC26F-D0F4-4EF2-98B3-6F5D41861475}.Debug|x64.ActiveCfg = Debug|x64
		{DA1DC26F-D0F4-4EF2-98B3-6F5D41861475}.Debug|x64.Build.0 = Debug|x64
		{DA1DC26F-D0F4-4EF2-98B3-6F5D41861475}.Debug|x86.ActiveCfg = Debug|Win32
		{DA1DC26F-D0F4-4EF2-98B3-6F5D41861475}.Debug|x86.Build.0 = Debug|Win32
		{DA1DC26F-D0F4-4EF2-98B3-6F5D41861475}.Release|x64.ActiveCfg = Release|x64
		{DA1DC26F-D0F4-4EF2-98B3-6F5D41861475}.Release|x64.Build.0 = Release|x64
		{DA1DC26F-D0F4-4EF2-98B3-6F5D41861475}.Release|x86.ActiveCfg = Release|Win32
		{DA1DC26F-D0F4-4EF2-98B3-6F5D41861475}.Release|x86.Build.0 = Release|Win32
		{4E44969C-DC02-428C-96E6-AC13C0E210B2}.Debug|x64.ActiveCfg = Debug|x64
		{4E44969C-DC02-428C-96E6-AC13C0E210B2}.Debug|x64.Build.0 = Debug|x64
		{4E44969C-DC02-428C-96E6-AC13C0E210B2}.Debug|x86.ActiveCfg = Debug|Win32
		{4E44969C-DC02-428C-96E6-AC13C0E210B2}.Debug|x86.Build.0 = Debug|Win32
		{4E44969C-DC02-428C-96E6-AC13C0E210B2}.Release|x64.ActiveCfg = Release|x64
		{4E44969C-DC02-428C-96E6-AC13C0E210B2}.Release|x64.Build.0 = Release|x64
		{4E44969C-DC02-428C-96E6-AC13C0E210B2}.Release|x86.ActiveCfg = Release|Win32
		{4E44969C-DC02-428C-96E6-AC13C0E210B2}.Release|x86.Build.0 = Release|Win32
		{772540F3-B9ED-4A25-B0BF-D7F70C441273}.Debug|x64.ActiveCfg = Debug|x64
		{772540F3-B9ED-4A25-B0BF-D7F70C441273}.Debug|x64.Build.0 = Debug|x64
		{772540F3-B9ED-4A25-B0BF-D7F70C441273}.Debug|x86.ActiveCfg = Debug|Win32
		{772540F3-B9ED-4A25-B0BF-D7F70C441273}.Debug|x86.Build.0 = Debug|Win32
		{772540F3-B9ED-4A25-B0BF-D7F70C441273}.Release|x64.ActiveCfg = Release|x64
		{772540F3-B9ED-4A25-B0BF-D7F70C441273}.Release|x64.Build.0 = Release|x64
		{772540F3-B9ED-4A25-B0BF-D7F70C441273}.Release|x86.ActiveCfg = Release|Win32
		{772540F3-B9ED-4A25-B0BF-D7F70C441273}.Release|x86.Build.0 = Release|Win32
	EndGlobalSection
	GlobalSection(SolutionProperties) = preSolution
		HideSolutionNode = FALSE
	EndGlobalSection
	GlobalSection(ExtensibilityGlobals) = postSolution
		SolutionGuid = {B4AB92DD-40C1-46FE-8FBE-3BB1374E4ED0}
	EndGlobalSection
EndGlobal
